
Microsoft Visual Studio Solution File, Format Version 12.00
# Visual Studio Version 17
VisualStudioVersion = 17.4.33103.184
MinimumVisualStudioVersion = 10.0.40219.1
Project("{FAE04EC0-301F-11D3-BF4B-00C04F79EFBC}") = "Week-02-Lab-01", "Week-02-Lab-01\Week-02-Lab-01.csproj", "{DD4A7ED1-7F88-42E8-8C87-9D350F37D5D6}"
EndProject
Global
	GlobalSection(SolutionConfigurationPlatforms) = preSolution
		Debug|Any CPU = Debug|Any CPU
		Release|Any CPU = Release|Any CPU
	EndGlobalSection
	GlobalSection(ProjectConfigurationPlatforms) = postSolution
		{DD4A7ED1-7F88-42E8-8C87-9D350F37D5D6}.Debug|Any CPU.ActiveCfg = Debug|Any CPU
		{DD4A7ED1-7F88-42E8-8C87-9D350F37D5D6}.Debug|Any CPU.Build.0 = Debug|Any CPU
		{DD4A7ED1-7F88-42E8-8C87-9D350F37D5D6}.Release|Any CPU.ActiveCfg = Release|Any CPU
		{DD4A7ED1-7F88-42E8-8C87-9D350F37D5D6}.Release|Any CPU.Build.0 = Release|Any CPU
	EndGlobalSection
	GlobalSection(SolutionProperties) = preSolution
		HideSolutionNode = FALSE
	EndGlobalSection
	GlobalSection(ExtensibilityGlobals) = postSolution
		SolutionGuid = {0F99E8D9-6EDC-4BF9-91FF-C34B2FFFB44A}
	EndGlobalSection
EndGlobal
